
Microsoft Visual Studio Solution File, Format Version 12.00
# Visual Studio Version 17
VisualStudioVersion = 17.11.35312.102
MinimumVisualStudioVersion = 10.0.40219.1
Project("{FAE04EC0-301F-11D3-BF4B-00C04F79EFBC}") = "Hilos", "Hilos\Hilos.csproj", "{792C4945-CDC3-4A55-A457-E01D4265461B}"
EndProject
Global
	GlobalSection(SolutionConfigurationPlatforms) = preSolution
		Debug|Any CPU = Debug|Any CPU
		Release|Any CPU = Release|Any CPU
	EndGlobalSection
	GlobalSection(ProjectConfigurationPlatforms) = postSolution
		{792C4945-CDC3-4A55-A457-E01D4265461B}.Debug|Any CPU.ActiveCfg = Debug|Any CPU
		{792C4945-CDC3-4A55-A457-E01D4265461B}.Debug|Any CPU.Build.0 = Debug|Any CPU
		{792C4945-CDC3-4A55-A457-E01D4265461B}.Release|Any CPU.ActiveCfg = Release|Any CPU
		{792C4945-CDC3-4A55-A457-E01D4265461B}.Release|Any CPU.Build.0 = Release|Any CPU
	EndGlobalSection
	GlobalSection(SolutionProperties) = preSolution
		HideSolutionNode = FALSE
	EndGlobalSection
	GlobalSection(ExtensibilityGlobals) = postSolution
		SolutionGuid = {5ECD546A-1122-4144-8EB9-64F9EF01D9CB}
	EndGlobalSection
EndGlobal
